
Microsoft Visual Studio Solution File, Format Version 12.00
# Visual Studio Version 17
VisualStudioVersion = 17.14.36414.22 d17.14
MinimumVisualStudioVersion = 10.0.40219.1
Project("{FAE04EC0-301F-11D3-BF4B-00C04F79EFBC}") = "WebApp", "WebApp\WebApp.csproj", "{1CAB4847-49E7-4DEB-AFCA-BA64B687CE61}"
EndProject
Global
	GlobalSection(SolutionConfigurationPlatforms) = preSolution
		Debug|Any CPU = Debug|Any CPU
		Release|Any CPU = Release|Any CPU
	EndGlobalSection
	GlobalSection(ProjectConfigurationPlatforms) = postSolution
		{1CAB4847-49E7-4DEB-AFCA-BA64B687CE61}.Debug|Any CPU.ActiveCfg = Debug|Any CPU
		{1CAB4847-49E7-4DEB-AFCA-BA64B687CE61}.Debug|Any CPU.Build.0 = Debug|Any CPU
		{1CAB4847-49E7-4DEB-AFCA-BA64B687CE61}.Release|Any CPU.ActiveCfg = Release|Any CPU
		{1CAB4847-49E7-4DEB-AFCA-BA64B687CE61}.Release|Any CPU.Build.0 = Release|Any CPU
	EndGlobalSection
	GlobalSection(SolutionProperties) = preSolution
		HideSolutionNode = FALSE
	EndGlobalSection
	GlobalSection(ExtensibilityGlobals) = postSolution
		SolutionGuid = {1EECB718-A466-4D19-A3D3-476B307868D0}
	EndGlobalSection
EndGlobal
